// !$*UTF8*$!
{
	archiveVersion = 1;
	classes = {
	};
	objectVersion = 46;
	objects = {

/* Begin PBXBuildFile section */
		C215AAF5194D5659008B60A1 /* CFPhotoContainerView.m in Sources */ = {isa = PBXBuildFile; fileRef = C215AAF4194D5659008B60A1 /* CFPhotoContainerView.m */; };
		C2218D8D194C2BC000CD7BE7 /* CFPhotoViewCell.m in Sources */ = {isa = PBXBuildFile; fileRef = C2218D8C194C2BC000CD7BE7 /* CFPhotoViewCell.m */; };
		C23446D3194BEBD200B32839 /* the_secret_1.jpg in Resources */ = {isa = PBXBuildFile; fileRef = C23446C9194BEBD200B32839 /* the_secret_1.jpg */; };
		C23446D4194BEBD200B32839 /* the_secret_10.jpg in Resources */ = {isa = PBXBuildFile; fileRef = C23446CA194BEBD200B32839 /* the_secret_10.jpg */; };
		C23446D5194BEBD200B32839 /* the_secret_2.jpg in Resources */ = {isa = PBXBuildFile; fileRef = C23446CB194BEBD200B32839 /* the_secret_2.jpg */; };
		C23446D6194BEBD200B32839 /* the_secret_3.jpg in Resources */ = {isa = PBXBuildFile; fileRef = C23446CC194BEBD200B32839 /* the_secret_3.jpg */; };
		C23446D7194BEBD200B32839 /* the_secret_4.jpg in Resources */ = {isa = PBXBuildFile; fileRef = C23446CD194BEBD200B32839 /* the_secret_4.jpg */; };
		C23446D8194BEBD200B32839 /* the_secret_5.jpg in Resources */ = {isa = PBXBuildFile; fileRef = C23446CE194BEBD200B32839 /* the_secret_5.jpg */; };
		C23446D9194BEBD200B32839 /* the_secret_6.jpg in Resources */ = {isa = PBXBuildFile; fileRef = C23446CF194BEBD200B32839 /* the_secret_6.jpg */; };
		C23446DA194BEBD200B32839 /* the_secret_7.jpg in Resources */ = {isa = PBXBuildFile; fileRef = C23446D0194BEBD200B32839 /* the_secret_7.jpg */; };
		C23446DB194BEBD200B32839 /* the_secret_8.jpg in Resources */ = {isa = PBXBuildFile; fileRef = C23446D1194BEBD200B32839 /* the_secret_8.jpg */; };
		C23446DC194BEBD200B32839 /* the_secret_9.jpg in Resources */ = {isa = PBXBuildFile; fileRef = C23446D2194BEBD200B32839 /* the_secret_9.jpg */; };
		C23446E3194BEFEC00B32839 /* CFAlbumModel.m in Sources */ = {isa = PBXBuildFile; fileRef = C23446E2194BEFEC00B32839 /* CFAlbumModel.m */; };
		C23446E6194BF03000B32839 /* CFAlbumController.m in Sources */ = {isa = PBXBuildFile; fileRef = C23446E5194BF03000B32839 /* CFAlbumController.m */; };
		C23446EA194BF1D800B32839 /* CFAlbumViewController.m in Sources */ = {isa = PBXBuildFile; fileRef = C23446E9194BF1D800B32839 /* CFAlbumViewController.m */; };
		C2344747194C0C0F00B32839 /* CFAlbumView.m in Sources */ = {isa = PBXBuildFile; fileRef = C2344744194C0C0F00B32839 /* CFAlbumView.m */; };
		C2344748194C0C0F00B32839 /* CFPhotoInfoViewController.m in Sources */ = {isa = PBXBuildFile; fileRef = C2344746194C0C0F00B32839 /* CFPhotoInfoViewController.m */; };
		C2610DAF1938A7F5003E034A /* Foundation.framework in Frameworks */ = {isa = PBXBuildFile; fileRef = C2610DAE1938A7F5003E034A /* Foundation.framework */; };
		C2610DB11938A7F5003E034A /* CoreGraphics.framework in Frameworks */ = {isa = PBXBuildFile; fileRef = C2610DB01938A7F5003E034A /* CoreGraphics.framework */; };
		C2610DB31938A7F5003E034A /* UIKit.framework in Frameworks */ = {isa = PBXBuildFile; fileRef = C2610DB21938A7F5003E034A /* UIKit.framework */; };
		C2610DB91938A7F5003E034A /* InfoPlist.strings in Resources */ = {isa = PBXBuildFile; fileRef = C2610DB71938A7F5003E034A /* InfoPlist.strings */; };
		C2610DBB1938A7F5003E034A /* main.m in Sources */ = {isa = PBXBuildFile; fileRef = C2610DBA1938A7F5003E034A /* main.m */; };
		C2610DBF1938A7F5003E034A /* CFAppDelegate.m in Sources */ = {isa = PBXBuildFile; fileRef = C2610DBE1938A7F5003E034A /* CFAppDelegate.m */; };
		C2610DC11938A7F5003E034A /* Images.xcassets in Resources */ = {isa = PBXBuildFile; fileRef = C2610DC01938A7F5003E034A /* Images.xcassets */; };
		C2610DC81938A7F5003E034A /* XCTest.framework in Frameworks */ = {isa = PBXBuildFile; fileRef = C2610DC71938A7F5003E034A /* XCTest.framework */; };
		C2610DC91938A7F5003E034A /* Foundation.framework in Frameworks */ = {isa = PBXBuildFile; fileRef = C2610DAE1938A7F5003E034A /* Foundation.framework */; };
		C2610DCA1938A7F5003E034A /* UIKit.framework in Frameworks */ = {isa = PBXBuildFile; fileRef = C2610DB21938A7F5003E034A /* UIKit.framework */; };
		C2610DD21938A7F5003E034A /* InfoPlist.strings in Resources */ = {isa = PBXBuildFile; fileRef = C2610DD01938A7F5003E034A /* InfoPlist.strings */; };
		C2610DD41938A7F5003E034A /* AlbumTests.m in Sources */ = {isa = PBXBuildFile; fileRef = C2610DD31938A7F5003E034A /* AlbumTests.m */; };
		C2610DE11938A8E6003E034A /* readme.md in Resources */ = {isa = PBXBuildFile; fileRef = C2610DE01938A8E6003E034A /* readme.md */; };
/* End PBXBuildFile section */

/* Begin PBXContainerItemProxy section */
		C2610DCB1938A7F5003E034A /* PBXContainerItemProxy */ = {
			isa = PBXContainerItemProxy;
			containerPortal = C2610DA31938A7F5003E034A /* Project object */;
			proxyType = 1;
			remoteGlobalIDString = C2610DAA1938A7F5003E034A;
			remoteInfo = Album;
		};
/* End PBXContainerItemProxy section */

/* Begin PBXFileReference section */
		C215AAF3194D5659008B60A1 /* CFPhotoContainerView.h */ = {isa = PBXFileReference; fileEncoding = 4; lastKnownFileType = sourcecode.c.h; path = CFPhotoContainerView.h; sourceTree = "<group>"; };
		C215AAF4194D5659008B60A1 /* CFPhotoContainerView.m */ = {isa = PBXFileReference; fileEncoding = 4; lastKnownFileType = sourcecode.c.objc; path = CFPhotoContainerView.m; sourceTree = "<group>"; };
		C215AAF6194D7EA1008B60A1 /* CFPhotoContainerViewDelegate.h */ = {isa = PBXFileReference; fileEncoding = 4; lastKnownFileType = sourcecode.c.h; path = CFPhotoContainerViewDelegate.h; sourceTree = "<group>"; };
		C215AAF7194D7EF4008B60A1 /* CFAlbumViewDataSource.h */ = {isa = PBXFileReference; fileEncoding = 4; lastKnownFileType = sourcecode.c.h; path = CFAlbumViewDataSource.h; sourceTree = "<group>"; };
		C2218D8B194C2BC000CD7BE7 /* CFPhotoViewCell.h */ = {isa = PBXFileReference; fileEncoding = 4; lastKnownFileType = sourcecode.c.h; path = CFPhotoViewCell.h; sourceTree = "<group>"; };
		C2218D8C194C2BC000CD7BE7 /* CFPhotoViewCell.m */ = {isa = PBXFileReference; fileEncoding = 4; lastKnownFileType = sourcecode.c.objc; path = CFPhotoViewCell.m; sourceTree = "<group>"; };
		C23446C9194BEBD200B32839 /* the_secret_1.jpg */ = {isa = PBXFileReference; lastKnownFileType = image.jpeg; path = the_secret_1.jpg; sourceTree = "<group>"; };
		C23446CA194BEBD200B32839 /* the_secret_10.jpg */ = {isa = PBXFileReference; lastKnownFileType = image.jpeg; path = the_secret_10.jpg; sourceTree = "<group>"; };
		C23446CB194BEBD200B32839 /* the_secret_2.jpg */ = {isa = PBXFileReference; lastKnownFileType = image.jpeg; path = the_secret_2.jpg; sourceTree = "<group>"; };
		C23446CC194BEBD200B32839 /* the_secret_3.jpg */ = {isa = PBXFileReference; lastKnownFileType = image.jpeg; path = the_secret_3.jpg; sourceTree = "<group>"; };
		C23446CD194BEBD200B32839 /* the_secret_4.jpg */ = {isa = PBXFileReference; lastKnownFileType = image.jpeg; path = the_secret_4.jpg; sourceTree = "<group>"; };
		C23446CE194BEBD200B32839 /* the_secret_5.jpg */ = {isa = PBXFileReference; lastKnownFileType = image.jpeg; path = the_secret_5.jpg; sourceTree = "<group>"; };
		C23446CF194BEBD200B32839 /* the_secret_6.jpg */ = {isa = PBXFileReference; lastKnownFileType = image.jpeg; path = the_secret_6.jpg; sourceTree = "<group>"; };
		C23446D0194BEBD200B32839 /* the_secret_7.jpg */ = {isa = PBXFileReference; lastKnownFileType = image.jpeg; path = the_secret_7.jpg; sourceTree = "<group>"; };
		C23446D1194BEBD200B32839 /* the_secret_8.jpg */ = {isa = PBXFileReference; lastKnownFileType = image.jpeg; path = the_secret_8.jpg; sourceTree = "<group>"; };
		C23446D2194BEBD200B32839 /* the_secret_9.jpg */ = {isa = PBXFileReference; lastKnownFileType = image.jpeg; path = the_secret_9.jpg; sourceTree = "<group>"; };
		C23446E1194BEFEC00B32839 /* CFAlbumModel.h */ = {isa = PBXFileReference; fileEncoding = 4; lastKnownFileType = sourcecode.c.h; path = CFAlbumModel.h; sourceTree = "<group>"; };
		C23446E2194BEFEC00B32839 /* CFAlbumModel.m */ = {isa = PBXFileReference; fileEncoding = 4; lastKnownFileType = sourcecode.c.objc; path = CFAlbumModel.m; sourceTree = "<group>"; };
		C23446E4194BF03000B32839 /* CFAlbumController.h */ = {isa = PBXFileReference; fileEncoding = 4; lastKnownFileType = sourcecode.c.h; path = CFAlbumController.h; sourceTree = "<group>"; };
		C23446E5194BF03000B32839 /* CFAlbumController.m */ = {isa = PBXFileReference; fileEncoding = 4; lastKnownFileType = sourcecode.c.objc; path = CFAlbumController.m; sourceTree = "<group>"; };
		C23446E8194BF1D800B32839 /* CFAlbumViewController.h */ = {isa = PBXFileReference; fileEncoding = 4; lastKnownFileType = sourcecode.c.h; path = CFAlbumViewController.h; sourceTree = "<group>"; };
		C23446E9194BF1D800B32839 /* CFAlbumViewController.m */ = {isa = PBXFileReference; fileEncoding = 4; lastKnownFileType = sourcecode.c.objc; path = CFAlbumViewController.m; sourceTree = "<group>"; };
		C2344743194C0C0F00B32839 /* CFAlbumView.h */ = {isa = PBXFileReference; fileEncoding = 4; lastKnownFileType = sourcecode.c.h; path = CFAlbumView.h; sourceTree = "<group>"; };
		C2344744194C0C0F00B32839 /* CFAlbumView.m */ = {isa = PBXFileReference; fileEncoding = 4; lastKnownFileType = sourcecode.c.objc; path = CFAlbumView.m; sourceTree = "<group>"; };
		C2344745194C0C0F00B32839 /* CFPhotoInfoViewController.h */ = {isa = PBXFileReference; fileEncoding = 4; lastKnownFileType = sourcecode.c.h; path = CFPhotoInfoViewController.h; sourceTree = "<group>"; };
		C2344746194C0C0F00B32839 /* CFPhotoInfoViewController.m */ = {isa = PBXFileReference; fileEncoding = 4; lastKnownFileType = sourcecode.c.objc; path = CFPhotoInfoViewController.m; sourceTree = "<group>"; };
		C2610DAB1938A7F5003E034A /* Album.app */ = {isa = PBXFileReference; explicitFileType = wrapper.application; includeInIndex = 0; path = Album.app; sourceTree = BUILT_PRODUCTS_DIR; };
		C2610DAE1938A7F5003E034A /* Foundation.framework */ = {isa = PBXFileReference; lastKnownFileType = wrapper.framework; name = Foundation.framework; path = System/Library/Frameworks/Foundation.framework; sourceTree = SDKROOT; };
		C2610DB01938A7F5003E034A /* CoreGraphics.framework */ = {isa = PBXFileReference; lastKnownFileType = wrapper.framework; name = CoreGraphics.framework; path = System/Library/Frameworks/CoreGraphics.framework; sourceTree = SDKROOT; };
		C2610DB21938A7F5003E034A /* UIKit.framework */ = {isa = PBXFileReference; lastKnownFileType = wrapper.framework; name = UIKit.framework; path = System/Library/Frameworks/UIKit.framework; sourceTree = SDKROOT; };
		C2610DB61938A7F5003E034A /* Album-Info.plist */ = {isa = PBXFileReference; lastKnownFileType = text.plist.xml; path = "Album-Info.plist"; sourceTree = "<group>"; };
		C2610DB81938A7F5003E034A /* en */ = {isa = PBXFileReference; lastKnownFileType = text.plist.strings; name = en; path = en.lproj/InfoPlist.strings; sourceTree = "<group>"; };
		C2610DBA1938A7F5003E034A /* main.m */ = {isa = PBXFileReference; lastKnownFileType = sourcecode.c.objc; path = main.m; sourceTree = "<group>"; };
		C2610DBC1938A7F5003E034A /* Album-Prefix.pch */ = {isa = PBXFileReference; lastKnownFileType = sourcecode.c.h; path = "Album-Prefix.pch"; sourceTree = "<group>"; };
		C2610DBD1938A7F5003E034A /* CFAppDelegate.h */ = {isa = PBXFileReference; lastKnownFileType = sourcecode.c.h; path = CFAppDelegate.h; sourceTree = "<group>"; };
		C2610DBE1938A7F5003E034A /* CFAppDelegate.m */ = {isa = PBXFileReference; lastKnownFileType = sourcecode.c.objc; path = CFAppDelegate.m; sourceTree = "<group>"; };
		C2610DC01938A7F5003E034A /* Images.xcassets */ = {isa = PBXFileReference; lastKnownFileType = folder.assetcatalog; path = Images.xcassets; sourceTree = "<group>"; };
		C2610DC61938A7F5003E034A /* AlbumTests.xctest */ = {isa = PBXFileReference; explicitFileType = wrapper.cfbundle; includeInIndex = 0; path = AlbumTests.xctest; sourceTree = BUILT_PRODUCTS_DIR; };
		C2610DC71938A7F5003E034A /* XCTest.framework */ = {isa = PBXFileReference; lastKnownFileType = wrapper.framework; name = XCTest.framework; path = Library/Frameworks/XCTest.framework; sourceTree = DEVELOPER_DIR; };
		C2610DCF1938A7F5003E034A /* AlbumTests-Info.plist */ = {isa = PBXFileReference; lastKnownFileType = text.plist.xml; path = "AlbumTests-Info.plist"; sourceTree = "<group>"; };
		C2610DD11938A7F5003E034A /* en */ = {isa = PBXFileReference; lastKnownFileType = text.plist.strings; name = en; path = en.lproj/InfoPlist.strings; sourceTree = "<group>"; };
		C2610DD31938A7F5003E034A /* AlbumTests.m */ = {isa = PBXFileReference; lastKnownFileType = sourcecode.c.objc; path = AlbumTests.m; sourceTree = "<group>"; };
		C2610DE01938A8E6003E034A /* readme.md */ = {isa = PBXFileReference; fileEncoding = 4; lastKnownFileType = text; path = readme.md; sourceTree = SOURCE_ROOT; };
/* End PBXFileReference section */

/* Begin PBXFrameworksBuildPhase section */
		C2610DA81938A7F5003E034A /* Frameworks */ = {
			isa = PBXFrameworksBuildPhase;
			buildActionMask = 2147483647;
			files = (
				C2610DB11938A7F5003E034A /* CoreGraphics.framework in Frameworks */,
				C2610DB31938A7F5003E034A /* UIKit.framework in Frameworks */,
				C2610DAF1938A7F5003E034A /* Foundation.framework in Frameworks */,
			);
			runOnlyForDeploymentPostprocessing = 0;
		};
		C2610DC31938A7F5003E034A /* Frameworks */ = {
			isa = PBXFrameworksBuildPhase;
			buildActionMask = 2147483647;
			files = (
				C2610DC81938A7F5003E034A /* XCTest.framework in Frameworks */,
				C2610DCA1938A7F5003E034A /* UIKit.framework in Frameworks */,
				C2610DC91938A7F5003E034A /* Foundation.framework in Frameworks */,
			);
			runOnlyForDeploymentPostprocessing = 0;
		};
/* End PBXFrameworksBuildPhase section */

/* Begin PBXGroup section */
		C23446C8194BEBD200B32839 /* img */ = {
			isa = PBXGroup;
			children = (
				C23446C9194BEBD200B32839 /* the_secret_1.jpg */,
				C23446CA194BEBD200B32839 /* the_secret_10.jpg */,
				C23446CB194BEBD200B32839 /* the_secret_2.jpg */,
				C23446CC194BEBD200B32839 /* the_secret_3.jpg */,
				C23446CD194BEBD200B32839 /* the_secret_4.jpg */,
				C23446CE194BEBD200B32839 /* the_secret_5.jpg */,
				C23446CF194BEBD200B32839 /* the_secret_6.jpg */,
				C23446D0194BEBD200B32839 /* the_secret_7.jpg */,
				C23446D1194BEBD200B32839 /* the_secret_8.jpg */,
				C23446D2194BEBD200B32839 /* the_secret_9.jpg */,
			);
			path = img;
			sourceTree = "<group>";
		};
		C23446E0194BEFEC00B32839 /* core */ = {
			isa = PBXGroup;
			children = (
				C23446E1194BEFEC00B32839 /* CFAlbumModel.h */,
				C23446E2194BEFEC00B32839 /* CFAlbumModel.m */,
				C23446E4194BF03000B32839 /* CFAlbumController.h */,
				C23446E5194BF03000B32839 /* CFAlbumController.m */,
			);
			name = core;
			path = Album/core;
			sourceTree = SOURCE_ROOT;
		};
		C23446E7194BF15700B32839 /* mainPage */ = {
			isa = PBXGroup;
			children = (
				C2344743194C0C0F00B32839 /* CFAlbumView.h */,
				C2344744194C0C0F00B32839 /* CFAlbumView.m */,
				C2218D8B194C2BC000CD7BE7 /* CFPhotoViewCell.h */,
				C2218D8C194C2BC000CD7BE7 /* CFPhotoViewCell.m */,
				C23446E8194BF1D800B32839 /* CFAlbumViewController.h */,
				C23446E9194BF1D800B32839 /* CFAlbumViewController.m */,
				C2344745194C0C0F00B32839 /* CFPhotoInfoViewController.h */,
				C2344746194C0C0F00B32839 /* CFPhotoInfoViewController.m */,
				C215AAF3194D5659008B60A1 /* CFPhotoContainerView.h */,
				C215AAF4194D5659008B60A1 /* CFPhotoContainerView.m */,
				C215AAF6194D7EA1008B60A1 /* CFPhotoContainerViewDelegate.h */,
				C215AAF7194D7EF4008B60A1 /* CFAlbumViewDataSource.h */,
			);
			path = mainPage;
			sourceTree = "<group>";
		};
		C2610DA21938A7F5003E034A = {
			isa = PBXGroup;
			children = (
				C2610DB41938A7F5003E034A /* Album */,
				C2610DCD1938A7F5003E034A /* AlbumTests */,
				C2610DAD1938A7F5003E034A /* Frameworks */,
				C2610DAC1938A7F5003E034A /* Products */,
			);
			sourceTree = "<group>";
		};
		C2610DAC1938A7F5003E034A /* Products */ = {
			isa = PBXGroup;
			children = (
				C2610DAB1938A7F5003E034A /* Album.app */,
				C2610DC61938A7F5003E034A /* AlbumTests.xctest */,
			);
			name = Products;
			sourceTree = "<group>";
		};
		C2610DAD1938A7F5003E034A /* Frameworks */ = {
			isa = PBXGroup;
			children = (
				C2610DAE1938A7F5003E034A /* Foundation.framework */,
				C2610DB01938A7F5003E034A /* CoreGraphics.framework */,
				C2610DB21938A7F5003E034A /* UIKit.framework */,
				C2610DC71938A7F5003E034A /* XCTest.framework */,
			);
			name = Frameworks;
			sourceTree = "<group>";
		};
		C2610DB41938A7F5003E034A /* Album */ = {
			isa = PBXGroup;
			children = (
				C2610DBD1938A7F5003E034A /* CFAppDelegate.h */,
				C2610DBE1938A7F5003E034A /* CFAppDelegate.m */,
				C2610DC01938A7F5003E034A /* Images.xcassets */,
				C23446E0194BEFEC00B32839 /* core */,
				C23446E7194BF15700B32839 /* mainPage */,
				C2610DB51938A7F5003E034A /* Supporting Files */,
				C2610DE01938A8E6003E034A /* readme.md */,
				C23446C8194BEBD200B32839 /* img */,
			);
			path = Album;
			sourceTree = "<group>";
		};
		C2610DB51938A7F5003E034A /* Supporting Files */ = {
			isa = PBXGroup;
			children = (
				C2610DB61938A7F5003E034A /* Album-Info.plist */,
				C2610DB71938A7F5003E034A /* InfoPlist.strings */,
				C2610DBA1938A7F5003E034A /* main.m */,
				C2610DBC1938A7F5003E034A /* Album-Prefix.pch */,
			);
			name = "Supporting Files";
			sourceTree = "<group>";
		};
		C2610DCD1938A7F5003E034A /* AlbumTests */ = {
			isa = PBXGroup;
			children = (
				C2610DD31938A7F5003E034A /* AlbumTests.m */,
				C2610DCE1938A7F5003E034A /* Supporting Files */,
			);
			path = AlbumTests;
			sourceTree = "<group>";
		};
		C2610DCE1938A7F5003E034A /* Supporting Files */ = {
			isa = PBXGroup;
			children = (
				C2610DCF1938A7F5003E034A /* AlbumTests-Info.plist */,
				C2610DD01938A7F5003E034A /* InfoPlist.strings */,
			);
			name = "Supporting Files";
			sourceTree = "<group>";
		};
/* End PBXGroup section */

/* Begin PBXNativeTarget section */
		C2610DAA1938A7F5003E034A /* Album */ = {
			isa = PBXNativeTarget;
			buildConfigurationList = C2610DD71938A7F5003E034A /* Build configuration list for PBXNativeTarget "Album" */;
			buildPhases = (
				C2610DA71938A7F5003E034A /* Sources */,
				C2610DA81938A7F5003E034A /* Frameworks */,
				C2610DA91938A7F5003E034A /* Resources */,
			);
			buildRules = (
			);
			dependencies = (
			);
			name = Album;
			productName = Album;
			productReference = C2610DAB1938A7F5003E034A /* Album.app */;
			productType = "com.apple.product-type.application";
		};
		C2610DC51938A7F5003E034A /* AlbumTests */ = {
			isa = PBXNativeTarget;
			buildConfigurationList = C2610DDA1938A7F5003E034A /* Build configuration list for PBXNativeTarget "AlbumTests" */;
			buildPhases = (
				C2610DC21938A7F5003E034A /* Sources */,
				C2610DC31938A7F5003E034A /* Frameworks */,
				C2610DC41938A7F5003E034A /* Resources */,
			);
			buildRules = (
			);
			dependencies = (
				C2610DCC1938A7F5003E034A /* PBXTargetDependency */,
			);
			name = AlbumTests;
			productName = AlbumTests;
			productReference = C2610DC61938A7F5003E034A /* AlbumTests.xctest */;
			productType = "com.apple.product-type.bundle.unit-test";
		};
/* End PBXNativeTarget section */

/* Begin PBXProject section */
		C2610DA31938A7F5003E034A /* Project object */ = {
			isa = PBXProject;
			attributes = {
				CLASSPREFIX = CF;
				LastUpgradeCheck = 0510;
				ORGANIZATIONNAME = Shadow;
				TargetAttributes = {
					C2610DC51938A7F5003E034A = {
						TestTargetID = C2610DAA1938A7F5003E034A;
					};
				};
			};
			buildConfigurationList = C2610DA61938A7F5003E034A /* Build configuration list for PBXProject "Album" */;
			compatibilityVersion = "Xcode 3.2";
			developmentRegion = English;
			hasScannedForEncodings = 0;
			knownRegions = (
				en,
			);
			mainGroup = C2610DA21938A7F5003E034A;
			productRefGroup = C2610DAC1938A7F5003E034A /* Products */;
			projectDirPath = "";
			projectRoot = "";
			targets = (
				C2610DAA1938A7F5003E034A /* Album */,
				C2610DC51938A7F5003E034A /* AlbumTests */,
			);
		};
/* End PBXProject section */

/* Begin PBXResourcesBuildPhase section */
		C2610DA91938A7F5003E034A /* Resources */ = {
			isa = PBXResourcesBuildPhase;
			buildActionMask = 2147483647;
			files = (
				C23446DB194BEBD200B32839 /* the_secret_8.jpg in Resources */,
				C23446D7194BEBD200B32839 /* the_secret_4.jpg in Resources */,
				C23446D5194BEBD200B32839 /* the_secret_2.jpg in Resources */,
				C2610DB91938A7F5003E034A /* InfoPlist.strings in Resources */,
				C23446D3194BEBD200B32839 /* the_secret_1.jpg in Resources */,
				C23446DC194BEBD200B32839 /* the_secret_9.jpg in Resources */,
				C2610DE11938A8E6003E034A /* readme.md in Resources */,
				C23446DA194BEBD200B32839 /* the_secret_7.jpg in Resources */,
				C23446D4194BEBD200B32839 /* the_secret_10.jpg in Resources */,
				C23446D9194BEBD200B32839 /* the_secret_6.jpg in Resources */,
				C23446D8194BEBD200B32839 /* the_secret_5.jpg in Resources */,
				C2610DC11938A7F5003E034A /* Images.xcassets in Resources */,
				C23446D6194BEBD200B32839 /* the_secret_3.jpg in Resources */,
			);
			runOnlyForDeploymentPostprocessing = 0;
		};
		C2610DC41938A7F5003E034A /* Resources */ = {
			isa = PBXResourcesBuildPhase;
			buildActionMask = 2147483647;
			files = (
				C2610DD21938A7F5003E034A /* InfoPlist.strings in Resources */,
			);
			runOnlyForDeploymentPostprocessing = 0;
		};
/* End PBXResourcesBuildPhase section */

/* Begin PBXSourcesBuildPhase section */
		C2610DA71938A7F5003E034A /* Sources */ = {
			isa = PBXSourcesBuildPhase;
			buildActionMask = 2147483647;
			files = (
				C2610DBB1938A7F5003E034A /* main.m in Sources */,
				C2344747194C0C0F00B32839 /* CFAlbumView.m in Sources */,
				C2344748194C0C0F00B32839 /* CFPhotoInfoViewController.m in Sources */,
				C2610DBF1938A7F5003E034A /* CFAppDelegate.m in Sources */,
				C23446E3194BEFEC00B32839 /* CFAlbumModel.m in Sources */,
				C23446EA194BF1D800B32839 /* CFAlbumViewController.m in Sources */,
				C215AAF5194D5659008B60A1 /* CFPhotoContainerView.m in Sources */,
				C2218D8D194C2BC000CD7BE7 /* CFPhotoViewCell.m in Sources */,
				C23446E6194BF03000B32839 /* CFAlbumController.m in Sources */,
			);
			runOnlyForDeploymentPostprocessing = 0;
		};
		C2610DC21938A7F5003E034A /* Sources */ = {
			isa = PBXSourcesBuildPhase;
			buildActionMask = 2147483647;
			files = (
				C2610DD41938A7F5003E034A /* AlbumTests.m in Sources */,
			);
			runOnlyForDeploymentPostprocessing = 0;
		};
/* End PBXSourcesBuildPhase section */

/* Begin PBXTargetDependency section */
		C2610DCC1938A7F5003E034A /* PBXTargetDependency */ = {
			isa = PBXTargetDependency;
			target = C2610DAA1938A7F5003E034A /* Album */;
			targetProxy = C2610DCB1938A7F5003E034A /* PBXContainerItemProxy */;
		};
/* End PBXTargetDependency section */

/* Begin PBXVariantGroup section */
		C2610DB71938A7F5003E034A /* InfoPlist.strings */ = {
			isa = PBXVariantGroup;
			children = (
				C2610DB81938A7F5003E034A /* en */,
			);
			name = InfoPlist.strings;
			sourceTree = "<group>";
		};
		C2610DD01938A7F5003E034A /* InfoPlist.strings */ = {
			isa = PBXVariantGroup;
			children = (
				C2610DD11938A7F5003E034A /* en */,
			);
			name = InfoPlist.strings;
			sourceTree = "<group>";
		};
/* End PBXVariantGroup section */

/* Begin XCBuildConfiguration section */
		C2610DD51938A7F5003E034A /* Debug */ = {
			isa = XCBuildConfiguration;
			buildSettings = {
				ALWAYS_SEARCH_USER_PATHS = NO;
				CLANG_CXX_LANGUAGE_STANDARD = "gnu++0x";
				CLANG_CXX_LIBRARY = "libc++";
				CLANG_ENABLE_MODULES = YES;
				CLANG_ENABLE_OBJC_ARC = YES;
				CLANG_WARN_BOOL_CONVERSION = YES;
				CLANG_WARN_CONSTANT_CONVERSION = YES;
				CLANG_WARN_DIRECT_OBJC_ISA_USAGE = YES_ERROR;
				CLANG_WARN_EMPTY_BODY = YES;
				CLANG_WARN_ENUM_CONVERSION = YES;
				CLANG_WARN_INT_CONVERSION = YES;
				CLANG_WARN_OBJC_ROOT_CLASS = YES_ERROR;
				CLANG_WARN__DUPLICATE_METHOD_MATCH = YES;
				"CODE_SIGN_IDENTITY[sdk=iphoneos*]" = "iPhone Developer";
				COPY_PHASE_STRIP = NO;
				GCC_C_LANGUAGE_STANDARD = gnu99;
				GCC_DYNAMIC_NO_PIC = NO;
				GCC_OPTIMIZATION_LEVEL = 0;
				GCC_PREPROCESSOR_DEFINITIONS = (
					"DEBUG=1",
					"$(inherited)",
				);
				GCC_SYMBOLS_PRIVATE_EXTERN = NO;
				GCC_WARN_64_TO_32_BIT_CONVERSION = YES;
				GCC_WARN_ABOUT_RETURN_TYPE = YES_ERROR;
				GCC_WARN_UNDECLARED_SELECTOR = YES;
				GCC_WARN_UNINITIALIZED_AUTOS = YES_AGGRESSIVE;
				GCC_WARN_UNUSED_FUNCTION = YES;
				GCC_WARN_UNUSED_VARIABLE = YES;
				IPHONEOS_DEPLOYMENT_TARGET = 7.1;
				ONLY_ACTIVE_ARCH = YES;
				SDKROOT = iphoneos;
				TARGETED_DEVICE_FAMILY = "1,2";
			};
			name = Debug;
		};
		C2610DD61938A7F5003E034A /* Release */ = {
			isa = XCBuildConfiguration;
			buildSettings = {
				ALWAYS_SEARCH_USER_PATHS = NO;
				CLANG_CXX_LANGUAGE_STANDARD = "gnu++0x";
				CLANG_CXX_LIBRARY = "libc++";
				CLANG_ENABLE_MODULES = YES;
				CLANG_ENABLE_OBJC_ARC = YES;
				CLANG_WARN_BOOL_CONVERSION = YES;
				CLANG_WARN_CONSTANT_CONVERSION = YES;
				CLANG_WARN_DIRECT_OBJC_ISA_USAGE = YES_ERROR;
				CLANG_WARN_EMPTY_BODY = YES;
				CLANG_WARN_ENUM_CONVERSION = YES;
				CLANG_WARN_INT_CONVERSION = YES;
				CLANG_WARN_OBJC_ROOT_CLASS = YES_ERROR;
				CLANG_WARN__DUPLICATE_METHOD_MATCH = YES;
				"CODE_SIGN_IDENTITY[sdk=iphoneos*]" = "iPhone Developer";
				COPY_PHASE_STRIP = YES;
				ENABLE_NS_ASSERTIONS = NO;
				GCC_C_LANGUAGE_STANDARD = gnu99;
				GCC_WARN_64_TO_32_BIT_CONVERSION = YES;
				GCC_WARN_ABOUT_RETURN_TYPE = YES_ERROR;
				GCC_WARN_UNDECLARED_SELECTOR = YES;
				GCC_WARN_UNINITIALIZED_AUTOS = YES_AGGRESSIVE;
				GCC_WARN_UNUSED_FUNCTION = YES;
				GCC_WARN_UNUSED_VARIABLE = YES;
				IPHONEOS_DEPLOYMENT_TARGET = 7.1;
				SDKROOT = iphoneos;
				TARGETED_DEVICE_FAMILY = "1,2";
				VALIDATE_PRODUCT = YES;
			};
			name = Release;
		};
		C2610DD81938A7F5003E034A /* Debug */ = {
			isa = XCBuildConfiguration;
			buildSettings = {
				ASSETCATALOG_COMPILER_APPICON_NAME = AppIcon;
				ASSETCATALOG_COMPILER_LAUNCHIMAGE_NAME = LaunchImage;
				CLANG_ENABLE_OBJC_ARC = NO;
				GCC_PRECOMPILE_PREFIX_HEADER = YES;
				GCC_PREFIX_HEADER = "Album/Album-Prefix.pch";
				INFOPLIST_FILE = "Album/Album-Info.plist";
				PRODUCT_NAME = "$(TARGET_NAME)";
				WRAPPER_EXTENSION = app;
			};
			name = Debug;
		};
		C2610DD91938A7F5003E034A /* Release */ = {
			isa = XCBuildConfiguration;
			buildSettings = {
				ASSETCATALOG_COMPILER_APPICON_NAME = AppIcon;
				ASSETCATALOG_COMPILER_LAUNCHIMAGE_NAME = LaunchImage;
				CLANG_ENABLE_OBJC_ARC = NO;
				GCC_PRECOMPILE_PREFIX_HEADER = YES;
				GCC_PREFIX_HEADER = "Album/Album-Prefix.pch";
				INFOPLIST_FILE = "Album/Album-Info.plist";
				PRODUCT_NAME = "$(TARGET_NAME)";
				WRAPPER_EXTENSION = app;
			};
			name = Release;
		};
		C2610DDB1938A7F5003E034A /* Debug */ = {
			isa = XCBuildConfiguration;
			buildSettings = {
				BUNDLE_LOADER = "$(BUILT_PRODUCTS_DIR)/Album.app/Album";
				FRAMEWORK_SEARCH_PATHS = (
					"$(SDKROOT)/Developer/Library/Frameworks",
					"$(inherited)",
					"$(DEVELOPER_FRAMEWORKS_DIR)",
				);
				GCC_PRECOMPILE_PREFIX_HEADER = YES;
				GCC_PREFIX_HEADER = "Album/Album-Prefix.pch";
				GCC_PREPROCESSOR_DEFINITIONS = (
					"DEBUG=1",
					"$(inherited)",
				);
				INFOPLIST_FILE = "AlbumTests/AlbumTests-Info.plist";
				PRODUCT_NAME = "$(TARGET_NAME)";
				TEST_HOST = "$(BUNDLE_LOADER)";
				WRAPPER_EXTENSION = xctest;
			};
			name = Debug;
		};
		C2610DDC1938A7F5003E034A /* Release */ = {
			isa = XCBuildConfiguration;
			buildSettings = {
				BUNDLE_LOADER = "$(BUILT_PRODUCTS_DIR)/Album.app/Album";
				FRAMEWORK_SEARCH_PATHS = (
					"$(SDKROOT)/Developer/Library/Frameworks",
					"$(inherited)",
					"$(DEVELOPER_FRAMEWORKS_DIR)",
				);
				GCC_PRECOMPILE_PREFIX_HEADER = YES;
				GCC_PREFIX_HEADER = "Album/Album-Prefix.pch";
				INFOPLIST_FILE = "AlbumTests/AlbumTests-Info.plist";
				PRODUCT_NAME = "$(TARGET_NAME)";
				TEST_HOST = "$(BUNDLE_LOADER)";
				WRAPPER_EXTENSION = xctest;
			};
			name = Release;
		};
/* End XCBuildConfiguration section */

/* Begin XCConfigurationList section */
		C2610DA61938A7F5003E034A /* Build configuration list for PBXProject "Album" */ = {
			isa = XCConfigurationList;
			buildConfigurations = (
				C2610DD51938A7F5003E034A /* Debug */,
				C2610DD61938A7F5003E034A /* Release */,
			);
			defaultConfigurationIsVisible = 0;
			defaultConfigurationName = Release;
		};
		C2610DD71938A7F5003E034A /* Build configuration list for PBXNativeTarget "Album" */ = {
			isa = XCConfigurationList;
			buildConfigurations = (
				C2610DD81938A7F5003E034A /* Debug */,
				C2610DD91938A7F5003E034A /* Release */,
			);
			defaultConfigurationIsVisible = 0;
			defaultConfigurationName = Release;
		};
		C2610DDA1938A7F5003E034A /* Build configuration list for PBXNativeTarget "AlbumTests" */ = {
			isa = XCConfigurationList;
			buildConfigurations = (
				C2610DDB1938A7F5003E034A /* Debug */,
				C2610DDC1938A7F5003E034A /* Release */,
			);
			defaultConfigurationIsVisible = 0;
			defaultConfigurationName = Release;
		};
/* End XCConfigurationList section */
	};
	rootObject = C2610DA31938A7F5003E034A /* Project object */;
}
